cloud.google.com/go v0.26.0/go.mod h1:aQUYkXzVsufM+DwF1aE+0xfcU+56JwCaLick0ClmMTw=
cloud.google.com/go v0.34.0/go.mod h1:aQUYkXzVsufM+DwF1aE+0xfcU+56JwCaLick0ClmMTw=
github.com/BurntSushi/toml v0.3.1/go.mod h1:xHWCNGjB5oqiDr8zfno3MHue2Ht5sIBksp03qcyfWMU=
github.com/antihax/optional v1.0.0/go.mod h1:uupD/76wgC+ih3iEmQUL+0Ugr19nfwCT1kdvxnR2qWY=
github.com/apparentlymart/go-textseg v1.0.0/go.mod h1:z96Txxhf3xSFMPmb5X/1W05FF/Nj9VFpLOpjS5yuumk=
github.com/census-instrumentation/opencensus-proto v0.2.1/go.mod h1:f6KPmirojxKA12rnyqOA5BBL4O983OfeGPqjHWSTneU=
github.com/cespare/xxhash/v2 v2.1.1/go.mod h1:VGX0DQ3Q6kWi7AoAeZDth3/j3BFtOZR5XLFGgcrjCOs=
github.com/chrismarget-j/goapstra v0.0.0-20220624141031-120e452c0a01 h1:kfyHVa3UTWMGm5Jnl8vgg1bOQwK9X6dDJvvrbJGhw+s=
github.com/chrismarget-j/goapstra v0.0.0-20220624141031-120e452c0a01/go.mod h1:20s6QAGQFuHF6wUXRujj0F05VVi56FHGouw9v+kR3Vo=
github.com/chrismarget-j/goapstra v0.0.0-20220624174519-8b7a14293630 h1:TevaMt96yQCfVqpZpaxGuhZILtDQiSH7R8TRkZ2SIy0=
github.com/chrismarget-j/goapstra v0.0.0-20220624174519-8b7a14293630/go.mod h1:20s6QAGQFuHF6wUXRujj0F05VVi56FHGouw9v+kR3Vo=
github.com/chrismarget-j/goapstra v0.0.0-20220624190233-d1c9e950eec1 h1:LKHdRy51eT7HdNuSm+C0cnm8iz27ik0ymNij+SFm/AU=
github.com/chrismarget-j/goapstra v0.0.0-20220624190233-d1c9e950eec1/go.mod h1:20s6QAGQFuHF6wUXRujj0F05VVi56FHGouw9v+kR3Vo=
github.com/chrismarget-j/goapstra v0.0.0-20220624224244-f099cd63f5d4 h1:QXIf94AaFG1ecE3oGEeejgmqwFTyC0v6+0W0523ABKI=
github.com/chrismarget-j/goapstra v0.0.0-20220624224244-f099cd63f5d4/go.mod h1:20s6QAGQFuHF6wUXRujj0F05VVi56FHGouw9v+kR3Vo=
github.com/chrismarget-j/goapstra v0.0.0-20220625034758-3bd82d5601ac h1:O7zuFVWZ6z3ssu5MPA8DVhSSg935d9d4EB09tZqSrsY=
github.com/chrismarget-j/goapstra v0.0.0-20220625034758-3bd82d5601ac/go.mod h1:20s6QAGQFuHF6wUXRujj0F05VVi56FHGouw9v+kR3Vo=
github.com/chrismarget-j/goapstra v0.0.0-20220625040107-77dffe5a0a20 h1:OkW5CsjMPcFNWqgMwhuT5ibWCRKQBYTYmDIw8tU20VI=
github.com/chrismarget-j/goapstra v0.0.0-20220625040107-77dffe5a0a20/go.mod h1:20s6QAGQFuHF6wUXRujj0F05VVi56FHGouw9v+kR3Vo=
github.com/chrismarget-j/goapstra v0.0.0-20220625040753-0754f191e938 h1:U+WUDsbWGMwtCWBoh+4itLbmMhMhlBmZkUdw/nme6OE=
github.com/chrismarget-j/goapstra v0.0.0-20220625040753-0754f191e938/go.mod h1:20s6QAGQFuHF6wUXRujj0F05VVi56FHGouw9v+kR3Vo=
github.com/chrismarget-j/goapstra v0.0.0-20220625041048-f4679795e3d6 h1:WvehddXg6dInO7+MnNfehhsVpw3z9gBeaizV2MzKV8w=
github.com/chrismarget-j/goapstra v0.0.0-20220625041048-f4679795e3d6/go.mod h1:20s6QAGQFuHF6wUXRujj0F05VVi56FHGouw9v+kR3Vo=
github.com/chrismarget-j/goapstra v0.0.0-20220626025201-8598b049de11 h1:+zzVB0XvSCqyBUGUCzLAkAe7nmcnRXl2ylTCperz0zk=
github.com/chrismarget-j/goapstra v0.0.0-20220626025201-8598b049de11/go.mod h1:20s6QAGQFuHF6wUXRujj0F05VVi56FHGouw9v+kR3Vo=
github.com/chrismarget-j/goapstra v0.0.0-20220627181327-3c6ca5f2ed1b h1:Z3DFMwy+ueQNkNik2S0hQ/Rs1Jw+F08hTVPbr+3Ua7w=
github.com/chrismarget-j/goapstra v0.0.0-20220627181327-3c6ca5f2ed1b/go.mod h1:20s6QAGQFuHF6wUXRujj0F05VVi56FHGouw9v+kR3Vo=
github.com/chrismarget-j/goapstra v0.0.0-20220627182518-54626116b88d h1:wqKaDkZJfYsRM1p48GAfbsSgr9dqgsbHRpoy0LSaI/g=
github.com/chrismarget-j/goapstra v0.0.0-20220627182518-54626116b88d/go.mod h1:20s6QAGQFuHF6wUXRujj0F05VVi56FHGouw9v+kR3Vo=
github.com/chrismarget-j/goapstra v0.0.0-20220627204633-85be7c35b778 h1:Tok4iOJoztvucvrYqEuVaEhMEtI5P0C3jL4APN6Aevk=
github.com/chrismarget-j/goapstra v0.0.0-20220627204633-85be7c35b778/go.mod h1:20s6QAGQFuHF6wUXRujj0F05VVi56FHGouw9v+kR3Vo=
github.com/chrismarget-j/goapstra v0.0.0-20220627205532-b3b03b5f012a h1:VdwtfVtfVyWETKT3f3InG3fiyXHryU9+UniAlTFY2/k=
github.com/chrismarget-j/goapstra v0.0.0-20220627205532-b3b03b5f012a/go.mod h1:20s6QAGQFuHF6wUXRujj0F05VVi56FHGouw9v+kR3Vo=
github.com/chrismarget-j/goapstra v0.0.0-20220627211748-09af1ce9bbd6 h1:J+j863hfWJ0O/VCljLMCozjh3G4JzIImmvn/QISkdZg=
github.com/chrismarget-j/goapstra v0.0.0-20220627211748-09af1ce9bbd6/go.mod h1:20s6QAGQFuHF6wUXRujj0F05VVi56FHGouw9v+kR3Vo=
github.com/chrismarget-j/goapstra v0.0.0-20220627212114-faa729581f58 h1:xQfPU5I9Kx8daJtLrR0LbF45Q8L+xLZwxk22R4rI10E=
github.com/chrismarget-j/goapstra v0.0.0-20220627212114-faa729581f58/go.mod h1:20s6QAGQFuHF6wUXRujj0F05VVi56FHGouw9v+kR3Vo=
github.com/chrismarget-j/goapstra v0.0.0-20220627212304-60fd8180a536 h1:vZUw5tBmXDgjQwb95fnHwBt/ekt9lhjJPLt8VHvDAyw=
github.com/chrismarget-j/goapstra v0.0.0-20220627212304-60fd8180a536/go.mod h1:20s6QAGQFuHF6wUXRujj0F05VVi56FHGouw9v+kR3Vo=
github.com/chrismarget-j/goapstra v0.0.0-20220627213925-598745a4c00f h1:bMnwUIAXOWjGqh4b7TIAbTPHE6iovPHQohRp7KKk4wM=
github.com/chrismarget-j/goapstra v0.0.0-20220627213925-598745a4c00f/go.mod h1:20s6QAGQFuHF6wUXRujj0F05VVi56FHGouw9v+kR3Vo=
github.com/chrismarget-j/goapstra v0.0.0-20220627215159-d4af8f2947c3 h1:6DpRPJsRUkEEaMx074cHixp9yx/KM+rroNUj/A/ZN8I=
github.com/chrismarget-j/goapstra v0.0.0-20220627215159-d4af8f2947c3/go.mod h1:20s6QAGQFuHF6wUXRujj0F05VVi56FHGouw9v+kR3Vo=
github.com/chrismarget-j/goapstra v0.0.0-20220627215631-dc625d86d9d0 h1:EBqu2RQP1rh1SvSM/fOiPaniamLcg2/URU5p+QOUy+E=
github.com/chrismarget-j/goapstra v0.0.0-20220627215631-dc625d86d9d0/go.mod h1:20s6QAGQFuHF6wUXRujj0F05VVi56FHGouw9v+kR3Vo=
github.com/chrismarget-j/goapstra v0.0.0-20220627222253-326d1064fdd7 h1:IyUMPtWWleSGii/kFsB4NuQhecT69N01RPM70n2HCTg=
github.com/chrismarget-j/goapstra v0.0.0-20220627222253-326d1064fdd7/go.mod h1:20s6QAGQFuHF6wUXRujj0F05VVi56FHGouw9v+kR3Vo=
github.com/chrismarget-j/goapstra v0.0.0-20220627224456-d0e80acd211f h1:xE+KVqSWMLUM7Jt9IYCxfUABcrtjpCNK6NP3QWtnKhM=
github.com/chrismarget-j/goapstra v0.0.0-20220627224456-d0e80acd211f/go.mod h1:20s6QAGQFuHF6wUXRujj0F05VVi56FHGouw9v+kR3Vo=
github.com/chrismarget-j/goapstra v0.0.0-20220627224920-4bafdb2cd0f3 h1:wr45GS6sFQ1LjzUCK1+Yv2mDIn063dhea6L8yhrly+Y=
github.com/chrismarget-j/goapstra v0.0.0-20220627224920-4bafdb2cd0f3/go.mod h1:20s6QAGQFuHF6wUXRujj0F05VVi56FHGouw9v+kR3Vo=
github.com/chrismarget-j/goapstra v0.0.0-20220628165926-7cfed3ab1a2c h1:AXF90gyAwgJRK1LR0WUi7XKtE3yJlz8h6pzjRPcrW2A=
github.com/chrismarget-j/goapstra v0.0.0-20220628165926-7cfed3ab1a2c/go.mod h1:20s6QAGQFuHF6wUXRujj0F05VVi56FHGouw9v+kR3Vo=
github.com/chrismarget-j/goapstra v0.0.0-20220630144059-464d213a5433 h1:aPdiuPDNvaC72pUgJk5wwn4YZtwVtgbqczMH/57ctws=
github.com/chrismarget-j/goapstra v0.0.0-20220630144059-464d213a5433/go.mod h1:20s6QAGQFuHF6wUXRujj0F05VVi56FHGouw9v+kR3Vo=
github.com/chrismarget-j/goapstra v0.0.0-20220630211450-8922e3c8f83c h1:8Up5+AXORcdkekjbIJ5ww1g6hw6NXvxEgNemxR7SZrc=
github.com/chrismarget-j/goapstra v0.0.0-20220630211450-8922e3c8f83c/go.mod h1:20s6QAGQFuHF6wUXRujj0F05VVi56FHGouw9v+kR3Vo=
github.com/chrismarget-j/goapstra v0.0.0-20220630214053-a4fa526c8329 h1:TGaP5nFEOygisx+y83p0OxoBOutO6CuX0I2Za05GuWo=
github.com/chrismarget-j/goapstra v0.0.0-20220630214053-a4fa526c8329/go.mod h1:20s6QAGQFuHF6wUXRujj0F05VVi56FHGouw9v+kR3Vo=
github.com/chrismarget-j/goapstra v0.0.0-20220630220943-7dc22a684fef h1:Odf+y5hmEWBgFlSRYERCciUnHM3hIvPaSWZ7A+dBcfM=
github.com/chrismarget-j/goapstra v0.0.0-20220630220943-7dc22a684fef/go.mod h1:20s6QAGQFuHF6wUXRujj0F05VVi56FHGouw9v+kR3Vo=
github.com/chrismarget-j/goapstra v0.0.0-20220630221346-a2a9531181c5 h1:7O0Csr75LnQQqhAXQet95i5vBfPkQpC/OQIfjJONaPo=
github.com/chrismarget-j/goapstra v0.0.0-20220630221346-a2a9531181c5/go.mod h1:20s6QAGQFuHF6wUXRujj0F05VVi56FHGouw9v+kR3Vo=
github.com/chrismarget-j/goapstra v0.0.0-20220630221803-67e68f3c9208 h1:B+KI0xy9aDXxdZU0GsYhoxv76Y1fX4NgKHnYVXcx3SI=
github.com/chrismarget-j/goapstra v0.0.0-20220630221803-67e68f3c9208/go.mod h1:20s6QAGQFuHF6wUXRujj0F05VVi56FHGouw9v+kR3Vo=
github.com/chrismarget-j/goapstra v0.0.0-20220630222745-32a7ecf25771 h1:5JHnBxp1go//v+3QwFMGghx2DXz5W+SVShvkZp9s2sA=
github.com/chrismarget-j/goapstra v0.0.0-20220630222745-32a7ecf25771/go.mod h1:20s6QAGQFuHF6wUXRujj0F05VVi56FHGouw9v+kR3Vo=
github.com/chrismarget-j/goapstra v0.0.0-20220630225331-4ddb3ebf20e5 h1:APjXur/wGldAzp181kKOUDTC0lFphS/Q4zcrKas94DM=
github.com/chrismarget-j/goapstra v0.0.0-20220630225331-4ddb3ebf20e5/go.mod h1:20s6QAGQFuHF6wUXRujj0F05VVi56FHGouw9v+kR3Vo=
github.com/chrismarget-j/goapstra v0.0.0-20220701030005-f70773662222 h1:HQZtIySg34iSta2EqtVOzz7nWujXEzHQlveJdoRkiLc=
github.com/chrismarget-j/goapstra v0.0.0-20220701030005-f70773662222/go.mod h1:20s6QAGQFuHF6wUXRujj0F05VVi56FHGouw9v+kR3Vo=
github.com/chrismarget-j/goapstra v0.0.0-20220701135201-3a06107cacf9 h1:CxKuPIvT0RHqf9rIMEsRvET+ouP1WJAhU1Mx05zhKtk=
github.com/chrismarget-j/goapstra v0.0.0-20220701135201-3a06107cacf9/go.mod h1:20s6QAGQFuHF6wUXRujj0F05VVi56FHGouw9v+kR3Vo=
github.com/chrismarget-j/goapstra v0.0.0-20220701142452-aab8638b841a h1:QB/k/CFa4bRotK6cCwVr4jHFVjxr/xCM5p7Ho0NSVmg=
github.com/chrismarget-j/goapstra v0.0.0-20220701142452-aab8638b841a/go.mod h1:20s6QAGQFuHF6wUXRujj0F05VVi56FHGouw9v+kR3Vo=
github.com/chrismarget-j/goapstra v0.0.0-20220701153252-4dd7a41690f2 h1:IXVok3GaoPDzs1IPokS96G9lj3ePIXFFyxeBGdmB0ok=
github.com/chrismarget-j/goapstra v0.0.0-20220701153252-4dd7a41690f2/go.mod h1:20s6QAGQFuHF6wUXRujj0F05VVi56FHGouw9v+kR3Vo=
github.com/chrismarget-j/goapstra v0.0.0-20220701164257-2a93afc592d6 h1:31eTSl/ah+b/p2ayJ3LrJpsO+3EYjP4/Gb95lJU4bXc=
github.com/chrismarget-j/goapstra v0.0.0-20220701164257-2a93afc592d6/go.mod h1:20s6QAGQFuHF6wUXRujj0F05VVi56FHGouw9v+kR3Vo=
github.com/chrismarget-j/goapstra v0.0.0-20220701174424-fcfe0444ffc0 h1:VuYST8smPhT3BQqXsGHNp5zs8Y/BupjeFdMmKsOnyfY=
github.com/chrismarget-j/goapstra v0.0.0-20220701174424-fcfe0444ffc0/go.mod h1:20s6QAGQFuHF6wUXRujj0F05VVi56FHGouw9v+kR3Vo=
github.com/chrismarget-j/goapstra v0.0.0-20220701175340-d3baf38b00eb h1:AxD6oavw19vUV1dwh0Ln3y9hJ2mlXIQza3ghD74MOBg=
github.com/chrismarget-j/goapstra v0.0.0-20220701175340-d3baf38b00eb/go.mod h1:20s6QAGQFuHF6wUXRujj0F05VVi56FHGouw9v+kR3Vo=
github.com/chrismarget-j/goapstra v0.0.0-20220701182423-3fe1af35217b h1:ZFpQTHK+s4gLSJ2J+E2coRr99FbFj8uBVXXNlspN8gw=
github.com/chrismarget-j/goapstra v0.0.0-20220701182423-3fe1af35217b/go.mod h1:20s6QAGQFuHF6wUXRujj0F05VVi56FHGouw9v+kR3Vo=
github.com/chrismarget-j/goapstra v0.0.0-20220701185840-f7bffcf8da76 h1:T6ySkqM+pCuABSMFtfIOQ+ymuZnIcNo966LzAO1Q/DE=
github.com/chrismarget-j/goapstra v0.0.0-20220701185840-f7bffcf8da76/go.mod h1:20s6QAGQFuHF6wUXRujj0F05VVi56FHGouw9v+kR3Vo=
github.com/chrismarget-j/goapstra v0.0.0-20220701191230-3c73192ae791 h1:ICMHWKKpEhvQBJFq3LZCWgHA88jckiVHYYOvRLsQ5Zs=
github.com/chrismarget-j/goapstra v0.0.0-20220701191230-3c73192ae791/go.mod h1:20s6QAGQFuHF6wUXRujj0F05VVi56FHGouw9v+kR3Vo=
github.com/chrismarget-j/goapstra v0.0.0-20220701195120-c3aff06d0342 h1:7qfJUngByNHhyaO3nqO6fANsfFmvY+E110pd97TckWg=
github.com/chrismarget-j/goapstra v0.0.0-20220701195120-c3aff06d0342/go.mod h1:20s6QAGQFuHF6wUXRujj0F05VVi56FHGouw9v+kR3Vo=
github.com/chrismarget-j/goapstra v0.0.0-20220701201630-818710bb5956 h1:U2oy3SEoOeWScpbdeXDWgGR47hbMy7l7n6hftnZOE80=
github.com/chrismarget-j/goapstra v0.0.0-20220701201630-818710bb5956/go.mod h1:20s6QAGQFuHF6wUXRujj0F05VVi56FHGouw9v+kR3Vo=
github.com/chrismarget-j/goapstra v0.0.0-20220705160626-1cc52e58a80c h1:gXDogHi9Fq99HHFzD6Y63O39QyjfS0CkOkiebUy8BkA=
github.com/chrismarget-j/goapstra v0.0.0-20220705160626-1cc52e58a80c/go.mod h1:20s6QAGQFuHF6wUXRujj0F05VVi56FHGouw9v+kR3Vo=
github.com/chrismarget-j/goapstra v0.0.0-20220705161053-835cbe088a99 h1:5yltAUge6N0NgcKyI36oaY+GAjsx49tZHOvZvhGjoS4=
github.com/chrismarget-j/goapstra v0.0.0-20220705161053-835cbe088a99/go.mod h1:20s6QAGQFuHF6wUXRujj0F05VVi56FHGouw9v+kR3Vo=
github.com/client9/misspell v0.3.4/go.mod h1:qj6jICC3Q7zFZvVWo7KLAzC3yx5G7kyvSDkc90ppPyw=
github.com/cncf/udpa/go v0.0.0-20191209042840-269d4d468f6f/go.mod h1:M8M6+tZqaGXZJjfX53e64911xZQV5JYwmTeXPW+k8Sc=
github.com/cncf/udpa/go v0.0.0-20201120205902-5459f2c99403/go.mod h1:WmhPx2Nbnhtbo57+VJT5O0JRkEi1Wbu0z5j0R8u5Hbk=
github.com/cncf/udpa/go v0.0.0-20210930031921-04548b0d99d4/go.mod h1:6pvJx4me5XPnfI9Z40ddWsdw2W/uZgQLFXToKeRcDiI=
github.com/cncf/xds/go v0.0.0-20210922020428-25de7278fc84/go.mod h1:eXthEFrGJvWHgFFCl3hGmgk+/aYT6PnTQLykKQRLhEs=
github.com/cncf/xds/go v0.0.0-20211001041855-01bcc9b48dfe/go.mod h1:eXthEFrGJvWHgFFCl3hGmgk+/aYT6PnTQLykKQRLhEs=
github.com/cncf/xds/go v0.0.0-20211011173535-cb28da3451f1/go.mod h1:eXthEFrGJvWHgFFCl3hGmgk+/aYT6PnTQLykKQRLhEs=
github.com/davecgh/go-spew v1.1.0/go.mod h1:J7Y8YcW2NihsgmVo/mv3lAwl/skON4iLHjSsI+c5H38=
github.com/davecgh/go-spew v1.1.1 h1:vj9j/u1bqnvCEfJOwUhtlOARqs3+rkHYY13jYWTU97c=
github.com/davecgh/go-spew v1.1.1/go.mod h1:J7Y8YcW2NihsgmVo/mv3lAwl/skON4iLHjSsI+c5H38=
github.com/envoyproxy/go-control-plane v0.9.0/go.mod h1:YTl/9mNaCwkRvm6d1a2C3ymFceY/DCBVvsKhRF0iEA4=
github.com/envoyproxy/go-control-plane v0.9.1-0.20191026205805-5f8ba28d4473/go.mod h1:YTl/9mNaCwkRvm6d1a2C3ymFceY/DCBVvsKhRF0iEA4=
github.com/envoyproxy/go-control-plane v0.9.4/go.mod h1:6rpuAdCZL397s3pYoYcLgu1mIlRU8Am5FuJP05cCM98=
github.com/envoyproxy/go-control-plane v0.9.9-0.20201210154907-fd9021fe5dad/go.mod h1:cXg6YxExXjJnVBQHBLXeUAgxn2UodCpnH306RInaBQk=
github.com/envoyproxy/go-control-plane v0.10.2-0.20220325020618-49ff273808a1/go.mod h1:KJwIaB5Mv44NWtYuAOFCVOjcI94vtpEz2JU/D2v6IjE=
github.com/envoyproxy/protoc-gen-validate v0.1.0/go.mod h1:iSmxcyjqTsJpI2R4NaDN7+kN2VEUnK/pcBlmesArF7c=
github.com/fatih/color v1.13.0 h1:8LOYc1KYPPmyKMuN8QV2DNRWNbLo6LZ0iLs8+mlH53w=
github.com/fatih/color v1.13.0/go.mod h1:kLAiJbzzSOZDVNGyDpeOxJ47H46qBXwg5ILebYFFOfk=
github.com/ghodss/yaml v1.0.0/go.mod h1:4dBDuWmgqj2HViK6kFavaiC9ZROes6MMH2rRYeMEF04=
github.com/golang/glog v0.0.0-20160126235308-23def4e6c14b/go.mod h1:SBH7ygxi8pfUlaOkMMuAQtPIUF8ecWP5IEl/CR7VP2Q=
github.com/golang/mock v1.1.1/go.mod h1:oTYuIxOrZwtPieC+H1uAHpcLFnEyAGVDL/k47Jfbm0A=
github.com/golang/protobuf v1.1.0/go.mod h1:6lQm79b+lXiMfvg/cZm0SGofjICqVBUtrP5yJMmIC1U=
github.com/golang/protobuf v1.2.0/go.mod h1:6lQm79b+lXiMfvg/cZm0SGofjICqVBUtrP5yJMmIC1U=
github.com/golang/protobuf v1.3.1/go.mod h1:6lQm79b+lXiMfvg/cZm0SGofjICqVBUtrP5yJMmIC1U=
github.com/golang/protobuf v1.3.2/go.mod h1:6lQm79b+lXiMfvg/cZm0SGofjICqVBUtrP5yJMmIC1U=
github.com/golang/protobuf v1.3.3/go.mod h1:vzj43D7+SQXF/4pzW/hwtAqwc6iTitCiVSaWz5lYuqw=
github.com/golang/protobuf v1.3.4/go.mod h1:vzj43D7+SQXF/4pzW/hwtAqwc6iTitCiVSaWz5lYuqw=
github.com/golang/protobuf v1.4.0-rc.1/go.mod h1:ceaxUfeHdC40wWswd/P6IGgMaK3YpKi5j83Wpe3EHw8=
github.com/golang/protobuf v1.4.0-rc.1.0.20200221234624-67d41d38c208/go.mod h1:xKAWHe0F5eneWXFV3EuXVDTCmh+JuBKY0li0aMyXATA=
github.com/golang/protobuf v1.4.0-rc.2/go.mod h1:LlEzMj4AhA7rCAGe4KMBDvJI+AwstrUpVNzEA03Pprs=
github.com/golang/protobuf v1.4.0-rc.4.0.20200313231945-b860323f09d0/go.mod h1:WU3c8KckQ9AFe+yFwt9sWVRKCVIyN9cPHBJSNnbL67w=
github.com/golang/protobuf v1.4.0/go.mod h1:jodUvKwWbYaEsadDk5Fwe5c77LiNKVO9IDvqG2KuDX0=
github.com/golang/protobuf v1.4.1/go.mod h1:U8fpvMrcmy5pZrNK1lt4xCsGvpyWQ/VVv6QDs8UjoX8=
github.com/golang/protobuf v1.4.2/go.mod h1:oDoupMAO8OvCJWAcko0GGGIgR6R6ocIYbsSw735rRwI=
github.com/golang/protobuf v1.4.3/go.mod h1:oDoupMAO8OvCJWAcko0GGGIgR6R6ocIYbsSw735rRwI=
github.com/golang/protobuf v1.5.0/go.mod h1:FsONVRAS9T7sI+LIUmWTfcYkHO4aIWwzhcaSAoJOfIk=
github.com/golang/protobuf v1.5.2 h1:ROPKBNFfQgOUMifHyP+KYbvpjbdoFNs+aK7DXlji0Tw=
github.com/golang/protobuf v1.5.2/go.mod h1:XVQd3VNwM+JqD3oG2Ue2ip4fOMUkwXdXDdiuN0vRsmY=
github.com/google/go-cmp v0.2.0/go.mod h1:oXzfMopK8JAjlY9xF4vHSVASa0yLyX7SntLO5aqRK0M=
github.com/google/go-cmp v0.3.0/go.mod h1:8QqcDgzrUqlUb/G2PQTWiueGozuR1884gddMywk6iLU=
github.com/google/go-cmp v0.3.1/go.mod h1:8QqcDgzrUqlUb/G2PQTWiueGozuR1884gddMywk6iLU=
github.com/google/go-cmp v0.4.0/go.mod h1:v8dTdLbMG2kIc/vJvl+f65V22dbkXbowE6jgT/gNBxE=
github.com/google/go-cmp v0.5.0/go.mod h1:v8dTdLbMG2kIc/vJvl+f65V22dbkXbowE6jgT/gNBxE=
github.com/google/go-cmp v0.5.5/go.mod h1:v8dTdLbMG2kIc/vJvl+f65V22dbkXbowE6jgT/gNBxE=
github.com/google/go-cmp v0.5.6/go.mod h1:v8dTdLbMG2kIc/vJvl+f65V22dbkXbowE6jgT/gNBxE=
github.com/google/go-cmp v0.5.8 h1:e6P7q2lk1O+qJJb4BtCQXlK8vWEO8V1ZeuEdJNOqZyg=
github.com/google/go-cmp v0.5.8/go.mod h1:17dUlkBOakJ0+DkrSSNjCkIjxS6bF9zb3elmeNGIjoY=
github.com/google/uuid v1.1.2/go.mod h1:TIyPZe4MgqvfeYDBFedMoGGpEw/LqOeaOT+nhxU+yHo=
github.com/grpc-ecosystem/grpc-gateway v1.16.0/go.mod h1:BDjrQk3hbvj6Nolgz8mAMFbcEtjT1g+wF4CSlocrBnw=
github.com/hashicorp/go-cleanhttp v0.5.1/go.mod h1:JpRdi6/HCYpAwUzNwuwqhbovhLtngrth3wmdIIUrZ80=
github.com/hashicorp/go-hclog v1.2.1 h1:YQsLlGDJgwhXFpucSPyVbCBviQtjlHv3jLTlp8YmtEw=
github.com/hashicorp/go-hclog v1.2.1/go.mod h1:W4Qnvbt70Wk/zYJryRzDRU/4r0kIg0PVHBcfoyhpF5M=
github.com/hashicorp/go-plugin v1.4.4 h1:NVdrSdFRt3SkZtNckJ6tog7gbpRrcbOjQi/rgF7JYWQ=
github.com/hashicorp/go-plugin v1.4.4/go.mod h1:viDMjcLJuDui6pXb8U4HVfb8AamCWhHGUjr2IrTF67s=
github.com/hashicorp/go-uuid v1.0.3 h1:2gKiV6YVmrJ1i2CKKa9obLvRieoRGviZFL26PcT/Co8=
github.com/hashicorp/go-uuid v1.0.3/go.mod h1:6SBZvOh/SIDV7/2o3Jml5SYk/TvGqwFJ/bN7x4byOro=
github.com/hashicorp/go-version v1.2.0/go.mod h1:fltr4n8CU8Ke44wwGCBoEymUuxUHl09ZGVZPK5anwXA=
github.com/hashicorp/terraform-plugin-framework v0.9.0 h1:vOKG9+keJv062zGhXFgfOFEuGcfgV6LHciwleFTSek0=
github.com/hashicorp/terraform-plugin-framework v0.9.0/go.mod h1:ActelD2V6yt2m0MwIX4jESGDYJ573rAvZswGjSGm1rY=
github.com/hashicorp/terraform-plugin-framework-validators v0.2.0 h1:+bmU82GBrmImRfP7jq9g9hHKWrsvWc8xOFJiojPxiEY=
github.com/hashicorp/terraform-plugin-framework-validators v0.2.0/go.mod h1:1h4uI89dby5g+/esMKVVys5Xju4NpnSYisGcLZxoFeU=
github.com/hashicorp/terraform-plugin-go v0.9.1 h1:vXdHaQ6aqL+OF076nMSBV+JKPdmXlzG5mzVDD04WyPs=
github.com/hashicorp/terraform-plugin-go v0.9.1/go.mod h1:ItjVSlQs70otlzcCwlPcU8FRXLdO973oYFRZwAOxy8M=
github.com/hashicorp/terraform-plugin-log v0.4.1 h1:xpbmVhvuU3mgHzLetOmx9pkOL2rmgpu302XxddON6eo=
github.com/hashicorp/terraform-plugin-log v0.4.1/go.mod h1:p4R1jWBXRTvL4odmEkFfDdhUjHf9zcs/BCoNHAc7IK4=
github.com/hashicorp/terraform-registry-address v0.0.0-20210412075316-9b2996cce896 h1:1FGtlkJw87UsTMg5s8jrekrHmUPUJaMcu6ELiVhQrNw=
github.com/hashicorp/terraform-registry-address v0.0.0-20210412075316-9b2996cce896/go.mod h1:bzBPnUIkI0RxauU8Dqo+2KrZZ28Cf48s8V6IHt3p4co=
github.com/hashicorp/terraform-svchost v0.0.0-20200729002733-f050f53b9734 h1:HKLsbzeOsfXmKNpr3GiT18XAblV0BjCbzL8KQAMZGa0=
github.com/hashicorp/terraform-svchost v0.0.0-20200729002733-f050f53b9734/go.mod h1:kNDNcF7sN4DocDLBkQYz73HGKwN1ANB1blq4lIYLYvg=
github.com/hashicorp/yamux v0.0.0-20180604194846-3520598351bb h1:b5rjCoWHc7eqmAS4/qyk21ZsHyb6Mxv/jykxvNTkU4M=
github.com/hashicorp/yamux v0.0.0-20180604194846-3520598351bb/go.mod h1:+NfK9FKeTrX5uv1uIXGdwYDTeHna2qgaIlx54MXqjAM=
github.com/jhump/protoreflect v1.6.0 h1:h5jfMVslIg6l29nsMs0D8Wj17RDVdNYti0vDN/PZZoE=
github.com/kr/pretty v0.1.0 h1:L/CwN0zerZDmRFUapSPitk6f+Q3+0za1rQkzVuMiMFI=
github.com/kr/pretty v0.1.0/go.mod h1:dAy3ld7l9f0ibDNOQOHHMYYIIbhfbHSm3C4ZsoJORNo=
github.com/kr/pty v1.1.1/go.mod h1:pFQYn66WHrOpPYNljwOMqo10TkYh1fy3cYio2l3bCsQ=
github.com/kr/text v0.1.0 h1:45sCR5RtlFHMR4UwH9sdQ5TC8v0qDQCHnXt+kaKSTVE=
github.com/kr/text v0.1.0/go.mod h1:4Jbv+DJW3UT/LiOwJeYQe1efqtUx/iVham/4vfdArNI=
github.com/kylelemons/godebug v0.0.0-20170820004349-d65d576e9348/go.mod h1:B69LEHPfb2qLo0BaaOLcbitczOKLWTsrBG9LczfCD4k=
github.com/mattn/go-colorable v0.1.9/go.mod h1:u6P/XSegPjTcexA+o6vUJrdnUu04hMope9wVRipJSqc=
github.com/mattn/go-colorable v0.1.12 h1:jF+Du6AlPIjs2BiUiQlKOX0rt3SujHxPnksPKZbaA40=
github.com/mattn/go-colorable v0.1.12/go.mod h1:u5H1YNBxpqRaxsYJYSkiCWKzEfiAb1Gb520KVy5xxl4=
github.com/mattn/go-isatty v0.0.12/go.mod h1:cbi8OIDigv2wuxKPP5vlRcQ1OAZbq2CE4Kysco4FUpU=
github.com/mattn/go-isatty v0.0.14 h1:yVuAays6BHfxijgZPzw+3Zlu5yQgKGP2/hcQbHb7S9Y=
github.com/mattn/go-isatty v0.0.14/go.mod h1:7GGIvUiUoEMVVmxf/4nioHXj79iQHKdU27kJ6hsGG94=
github.com/mitchellh/go-testing-interface v1.14.1 h1:jrgshOhYAUVNMAJiKbEu7EqAwgJJ2JqpQmpLJOu07cU=
github.com/mitchellh/go-testing-interface v1.14.1/go.mod h1:gfgS7OtZj6MA4U1UrDRp04twqAjfvlZyCfX3sDjEym8=
github.com/nsf/jsondiff v0.0.0-20200515183724-f29ed568f4ce h1:RPclfga2SEJmgMmz2k+Mg7cowZ8yv4Trqw9UsJby758=
github.com/oklog/run v1.0.0 h1:Ru7dDtJNOyC66gQ5dQmaCa0qIsAUFY3sFpK1Xk8igrw=
github.com/oklog/run v1.0.0/go.mod h1:dlhp/R75TPv97u0XWUtDeV/lRKWPKSdTuV0TZvrmrQA=
github.com/pmezard/go-difflib v1.0.0 h1:4DBwDE0NGyQoBHbLQYPwSUPoCMWR5BEzIk/f1lZbAQM=
github.com/pmezard/go-difflib v1.0.0/go.mod h1:iKH77koFhYxTK1pcRnkKkqfTogsbg7gZNVY4sRDYZ/4=
github.com/prometheus/client_model v0.0.0-20190812154241-14fe0d1b01d4/go.mod h1:xMI15A0UPsDsEKsMN9yxemIoYk6Tm2C1GtYGdfGttqA=
github.com/rogpeppe/fastuuid v1.2.0/go.mod h1:jVj6XXZzXRy/MSR5jhDC/2q6DgLz+nrA6LYCDYWNEvQ=
github.com/stretchr/objx v0.1.0/go.mod h1:HFkY916IF+rwdDfMAkV7OtwuqBVzrE8GR6GFx+wExME=
github.com/stretchr/testify v1.5.1/go.mod h1:5W2xD1RspED5o8YsWQXVCued0rvSQ+mT+I5cxcmMvtA=
github.com/stretchr/testify v1.7.0/go.mod h1:6Fq8oRcR53rry900zMqJjRRixrwX3KX962/h/Wwjteg=
github.com/stretchr/testify v1.7.2 h1:4jaiDzPyXQvSd7D0EjG45355tLlV3VOECpq10pLC+8s=
github.com/stretchr/testify v1.7.2/go.mod h1:R6va5+xMeoiuVRoj+gSkQ7d3FALtqAAGI1FQKckRals=
github.com/vmihailenco/msgpack v3.3.3+incompatible/go.mod h1:fy3FlTQTDXWkZ7Bh6AcGMlsjHatGryHQYUTf1ShIgkk=
github.com/vmihailenco/msgpack/v4 v4.3.12 h1:07s4sz9IReOgdikxLTKNbBdqDMLsjPKXwvCazn8G65U=
github.com/vmihailenco/msgpack/v4 v4.3.12/go.mod h1:gborTTJjAo/GWTqqRjrLCn9pgNN+NXzzngzBKDPIqw4=
github.com/vmihailenco/tagparser v0.1.1 h1:quXMXlA39OCbd2wAdTsGDlK9RkOk6Wuw+x37wVyIuWY=
github.com/vmihailenco/tagparser v0.1.1/go.mod h1:OeAg3pn3UbLjkWt+rN9oFYB6u/cQgqMEUPoW2WPyhdI=
github.com/zclconf/go-cty v1.1.0/go.mod h1:xnAOWiHeOqg2nWS62VtQ7pbOu17FtxJNW8RLEih+O3s=
go.opentelemetry.io/proto/otlp v0.7.0/go.mod h1:PqfVotwruBrMGOCsRd/89rSnXhoiJIqeYNgFYFoEGnI=
golang.org/x/crypto v0.0.0-20190308221718-c2843e01d9a2/go.mod h1:djNgcEr1/C05ACkg1iLfiJU5Ep61QUkGW8qpdssI0+w=
golang.org/x/crypto v0.0.0-20200622213623-75b288015ac9/go.mod h1:LzIPMQfyMNhhGPhUkYOs5KpL4U8rLKemX1yGLhDgUto=
golang.org/x/exp v0.0.0-20190121172915-509febef88a4/go.mod h1:CJ0aWSM057203Lf6IL+f9T1iT9GByDxfZKAQTCR3kQA=
golang.org/x/lint v0.0.0-20181026193005-c67002cb31c3/go.mod h1:UVdnD1Gm6xHRNCYTkRU2/jEulfH38KcIWyp/GAMgvoE=
golang.org/x/lint v0.0.0-20190227174305-5b3e6a55c961/go.mod h1:wehouNa3lNwaWXcvxsM5YxQ5yQlVC4a0KAMCusXpPoU=
golang.org/x/lint v0.0.0-20190313153728-d0100b6bd8b3/go.mod h1:6SW0HCj/g11FgYtHlgUYUwCkIfeOF89ocIRzGO/8vkc=
golang.org/x/net v0.0.0-20180724234803-3673e40ba225/go.mod h1:mL1N/T3taQHkDXs73rZJwtUhF3w3ftmwwsq0BUmARs4=
golang.org/x/net v0.0.0-20180811021610-c39426892332/go.mod h1:mL1N/T3taQHkDXs73rZJwtUhF3w3ftmwwsq0BUmARs4=
golang.org/x/net v0.0.0-20180826012351-8a410e7b638d/go.mod h1:mL1N/T3taQHkDXs73rZJwtUhF3w3ftmwwsq0BUmARs4=
golang.org/x/net v0.0.0-20190108225652-1e06a53dbb7e/go.mod h1:mL1N/T3taQHkDXs73rZJwtUhF3w3ftmwwsq0BUmARs4=
golang.org/x/net v0.0.0-20190213061140-3a22650c66bd/go.mod h1:mL1N/T3taQHkDXs73rZJwtUhF3w3ftmwwsq0BUmARs4=
golang.org/x/net v0.0.0-20190311183353-d8887717615a/go.mod h1:t9HGtf8HONx5eT2rtn7q6eTqICYqUVnKs3thJo3Qplg=
golang.org/x/net v0.0.0-20190404232315-eb5bcb51f2a3/go.mod h1:t9HGtf8HONx5eT2rtn7q6eTqICYqUVnKs3thJo3Qplg=
golang.org/x/net v0.0.0-20190603091049-60506f45cf65/go.mod h1:HSz+uSET+XFnRR8LxR5pz3Of3rY3CfYBVs4xY44aLks=
golang.org/x/net v0.0.0-20191009170851-d66e71096ffb/go.mod h1:z5CRVTTTmAJ677TzLLGU+0bjPO0LkuOLi4/5GtJWs/s=
golang.org/x/net v0.0.0-20200301022130-244492dfa37a/go.mod h1:z5CRVTTTmAJ677TzLLGU+0bjPO0LkuOLi4/5GtJWs/s=
golang.org/x/net v0.0.0-20200822124328-c89045814202/go.mod h1:/O7V0waA8r7cgGh81Ro3o1hOxt32SMVPicZroKQ2sZA=
golang.org/x/net v0.0.0-20201021035429-f5854403a974/go.mod h1:sp8m0HH+o8qH0wwXwYZr8TS3Oi6o0r6Gce1SSxlDquU=
golang.org/x/net v0.0.0-20210119194325-5f4716e94777 h1:003p0dJM77cxMSyCPFphvZf/Y5/NXf5fzg6ufd1/Oew=
golang.org/x/net v0.0.0-20210119194325-5f4716e94777/go.mod h1:m0MpNAwzfU5UDzcl9v0D8zg8gWTRqZa9RBIspLL5mdg=
golang.org/x/oauth2 v0.0.0-20180821212333-d2e6202438be/go.mod h1:N/0e6XlmueqKjAGxoOufVs8QHGRruUQn6yWY3a++T0U=
golang.org/x/oauth2 v0.0.0-20190604053449-0f29369cfe45/go.mod h1:gOpvHmFTYa4IltrdGE7lF6nIHvwfUNPOp7c8zoXwtLw=
golang.org/x/oauth2 v0.0.0-20200107190931-bf48bf16ab8d/go.mod h1:gOpvHmFTYa4IltrdGE7lF6nIHvwfUNPOp7c8zoXwtLw=
golang.org/x/sync v0.0.0-20180314180146-1d60e4601c6f/go.mod h1:RxMgew5VJxzue5/jJTE5uejpjVlOe/izrB70Jof72aM=
golang.org/x/sync v0.0.0-20181108010431-42b317875d0f/go.mod h1:RxMgew5VJxzue5/jJTE5uejpjVlOe/izrB70Jof72aM=
golang.org/x/sync v0.0.0-20181221193216-37e7f081c4d4/go.mod h1:RxMgew5VJxzue5/jJTE5uejpjVlOe/izrB70Jof72aM=
golang.org/x/sync v0.0.0-20190423024810-112230192c58/go.mod h1:RxMgew5VJxzue5/jJTE5uejpjVlOe/izrB70Jof72aM=
golang.org/x/sys v0.0.0-20180830151530-49385e6e1522/go.mod h1:STP8DvDyc/dI5b8T5hshtkjS+E42TnysNCUPdjciGhY=
golang.org/x/sys v0.0.0-20190215142949-d0b11bdaac8a/go.mod h1:STP8DvDyc/dI5b8T5hshtkjS+E42TnysNCUPdjciGhY=
golang.org/x/sys v0.0.0-20190412213103-97732733099d/go.mod h1:h1NjWce9XRLGQEsW7wpKNCjG9DtNlClVuFLEZdDNbEs=
golang.org/x/sys v0.0.0-20200116001909-b77594299b42/go.mod h1:h1NjWce9XRLGQEsW7wpKNCjG9DtNlClVuFLEZdDNbEs=
golang.org/x/sys v0.0.0-20200223170610-d5e6a3e2c0ae/go.mod h1:h1NjWce9XRLGQEsW7wpKNCjG9DtNlClVuFLEZdDNbEs=
golang.org/x/sys v0.0.0-20200323222414-85ca7c5b95cd/go.mod h1:h1NjWce9XRLGQEsW7wpKNCjG9DtNlClVuFLEZdDNbEs=
golang.org/x/sys v0.0.0-20200930185726-fdedc70b468f/go.mod h1:h1NjWce9XRLGQEsW7wpKNCjG9DtNlClVuFLEZdDNbEs=
golang.org/x/sys v0.0.0-20201119102817-f84b799fce68/go.mod h1:h1NjWce9XRLGQEsW7wpKNCjG9DtNlClVuFLEZdDNbEs=
golang.org/x/sys v0.0.0-20210119212857-b64e53b001e4/go.mod h1:h1NjWce9XRLGQEsW7wpKNCjG9DtNlClVuFLEZdDNbEs=
golang.org/x/sys v0.0.0-20210630005230-0f9fa26af87c/go.mod h1:oPkhp1MJrh7nUepCBck5+mAzfO9JrbApNNgaTdGDITg=
golang.org/x/sys v0.0.0-20210927094055-39ccf1dd6fa6/go.mod h1:oPkhp1MJrh7nUepCBck5+mAzfO9JrbApNNgaTdGDITg=
golang.org/x/sys v0.0.0-20220503163025-988cb79eb6c6 h1:nonptSpoQ4vQjyraW20DXPAglgQfVnM9ZC6MmNLMR60=
golang.org/x/sys v0.0.0-20220503163025-988cb79eb6c6/go.mod h1:oPkhp1MJrh7nUepCBck5+mAzfO9JrbApNNgaTdGDITg=
golang.org/x/term v0.0.0-20201126162022-7de9c90e9dd1/go.mod h1:bj7SfCRtBDWHUb9snDiAeCFNEtKQo2Wmx5Cou7ajbmo=
golang.org/x/text v0.3.0/go.mod h1:NqM8EUOU14njkJ3fqMW+pc6Ldnwhi/IjpwHt7yyuwOQ=
golang.org/x/text v0.3.2/go.mod h1:bEr9sfX3Q8Zfm5fL9x+3itogRgK3+ptLWKqgva+5dAk=
golang.org/x/text v0.3.3 h1:cokOdA+Jmi5PJGXLlLllQSgYigAEfHXJAERHVMaCc2k=
golang.org/x/text v0.3.3/go.mod h1:5Zoc/QRtKVWzQhOtBMvqHzDpF6irO9z98xDceosuGiQ=
golang.org/x/tools v0.0.0-20180917221912-90fa682c2a6e/go.mod h1:n7NCudcB/nEzxVGmLbDWY5pfWTLqBcC2KZ6jyYvM4mQ=
golang.org/x/tools v0.0.0-20190114222345-bf090417da8b/go.mod h1:n7NCudcB/nEzxVGmLbDWY5pfWTLqBcC2KZ6jyYvM4mQ=
golang.org/x/tools v0.0.0-20190226205152-f727befe758c/go.mod h1:9Yl7xja0Znq3iFh3HoIrodX9oNMXvdceNzlUR8zjMvY=
golang.org/x/tools v0.0.0-20190311212946-11955173bddd/go.mod h1:LCzVGOaR6xXOjkQ3onu1FJEFr0SW1gC7cKk1uF8kGRs=
golang.org/x/tools v0.0.0-20190524140312-2c0ae7006135/go.mod h1:RgjU9mgBXZiqYHBnxXauZ1Gv1EHHAz9KjViQ78xBX0Q=
golang.org/x/xerrors v0.0.0-20191204190536-9bdfabe68543/go.mod h1:I/5z698sn9Ka8TeJc9MKroUUfqBBauWjQqLJ2OPfmY0=
golang.org/x/xerrors v0.0.0-20200804184101-5ec99f83aff1/go.mod h1:I/5z698sn9Ka8TeJc9MKroUUfqBBauWjQqLJ2OPfmY0=
google.golang.org/appengine v1.1.0/go.mod h1:EbEs0AVv82hx2wNQdGPgUI5lhzA/G0D9YwlJXL52JkM=
google.golang.org/appengine v1.4.0/go.mod h1:xpcJRLb0r/rnEns0DIKYYv+WjYCduHsrkT7/EB5XEv4=
google.golang.org/appengine v1.6.5 h1:tycE03LOZYQNhDpS27tcQdAzLCVMaj7QT2SXxebnpCM=
google.golang.org/appengine v1.6.5/go.mod h1:8WjMMxjGQR8xUklV/ARdw2HLXBOI7O7uCIDZVag1xfc=
google.golang.org/genproto v0.0.0-20180817151627-c66870c02cf8/go.mod h1:JiN7NxoALGmiZfu7CAH4rXhgtRTLTxftemlI0sWmxmc=
google.golang.org/genproto v0.0.0-20190819201941-24fa4b261c55/go.mod h1:DMBHOl98Agz4BDEuKkezgsaosCRResVns1a3J2ZsMNc=
google.golang.org/genproto v0.0.0-20200513103714-09dca8ec2884/go.mod h1:55QSHmfGQM9UVYDPBsyGGes0y52j32PQ3BqQfXhyH3c=
google.golang.org/genproto v0.0.0-20200526211855-cb27e3aa2013 h1:+kGHl1aib/qcwaRi1CbqBZ1rk19r85MNUf8HaBghugY=
google.golang.org/genproto v0.0.0-20200526211855-cb27e3aa2013/go.mod h1:NbSheEEYHJ7i3ixzK3sjbqSGDJWnxyFXZblF3eUsNvo=
google.golang.org/grpc v1.19.0/go.mod h1:mqu4LbDTu4XGKhr4mRzUsmM4RtVoemTSY81AxZiDr8c=
google.golang.org/grpc v1.23.0/go.mod h1:Y5yQAOtifL1yxbo5wqy6BxZv8vAUGQwXBOALyacEbxg=
google.golang.org/grpc v1.25.1/go.mod h1:c3i+UQWmh7LiEpx4sFZnkU36qjEYZ0imhYfXVyQciAY=
google.golang.org/grpc v1.27.0/go.mod h1:qbnxyOmOxrQa7FizSgH+ReBfzJrCY1pSN7KXBS8abTk=
google.golang.org/grpc v1.33.1/go.mod h1:fr5YgcSWrqhRRxogOsw7RzIpsmvOZ6IcH4kBYTpR3n0=
google.golang.org/grpc v1.36.0/go.mod h1:qjiiYl8FncCW8feJPdyg3v6XW24KsRHe+dy9BAGRRjU=
google.golang.org/grpc v1.46.0 h1:oCjezcn6g6A75TGoKYBPgKmVBLexhYLM6MebdrPApP8=
google.golang.org/grpc v1.46.0/go.mod h1:vN9eftEi1UMyUsIF80+uQXhHjbXYbm0uXoFCACuMGWk=
google.golang.org/protobuf v0.0.0-20200109180630-ec00e32a8dfd/go.mod h1:DFci5gLYBciE7Vtevhsrf46CRTquxDuWsQurQQe4oz8=
google.golang.org/protobuf v0.0.0-20200221191635-4d8936d0db64/go.mod h1:kwYJMbMJ01Woi6D6+Kah6886xMZcty6N08ah7+eCXa0=
google.golang.org/protobuf v0.0.0-20200228230310-ab0ca4ff8a60/go.mod h1:cfTl7dwQJ+fmap5saPgwCLgHXTUD7jkjRqWcaiX5VyM=
google.golang.org/protobuf v1.20.1-0.20200309200217-e05f789c0967/go.mod h1:A+miEFZTKqfCUM6K7xSMQL9OKL/b6hQv+e19PK+JZNE=
google.golang.org/protobuf v1.21.0/go.mod h1:47Nbq4nVaFHyn7ilMalzfO3qCViNmqZ2kzikPIcrTAo=
google.golang.org/protobuf v1.22.0/go.mod h1:EGpADcykh3NcUnDUJcl1+ZksZNG86OlYog2l/sGQquU=
google.golang.org/protobuf v1.23.0/go.mod h1:EGpADcykh3NcUnDUJcl1+ZksZNG86OlYog2l/sGQquU=
google.golang.org/protobuf v1.23.1-0.20200526195155-81db48ad09cc/go.mod h1:EGpADcykh3NcUnDUJcl1+ZksZNG86OlYog2l/sGQquU=
google.golang.org/protobuf v1.25.0/go.mod h1:9JNX74DMeImyA3h4bdi1ymwjUzf21/xIlbajtzgsN7c=
google.golang.org/protobuf v1.26.0-rc.1/go.mod h1:jlhhOSvTdKEhbULTjvd4ARK9grFBp09yW+WbY/TyQbw=
google.golang.org/protobuf v1.26.0/go.mod h1:9q0QmTI4eRPtz6boOQmLYwt+qCgq0jsYwAQnmE0givc=
google.golang.org/protobuf v1.27.1/go.mod h1:9q0QmTI4eRPtz6boOQmLYwt+qCgq0jsYwAQnmE0givc=
google.golang.org/protobuf v1.28.0 h1:w43yiav+6bVFTBQFZX0r7ipe9JQ1QsbMgHwbBziscLw=
google.golang.org/protobuf v1.28.0/go.mod h1:HV8QOd/L58Z+nl8r43ehVNZIU/HEI6OcFqwMG9pJV4I=
gopkg.in/check.v1 v0.0.0-20161208181325-20d25e280405/go.mod h1:Co6ibVJAznAaIkqp8huTwlJQCZ016jof/cbN4VW5Yz0=
gopkg.in/check.v1 v1.0.0-20180628173108-788fd7840127 h1:qIbj1fsPNlZgppZ+VLlY7N33q108Sa+fhmuc+sWQYwY=
gopkg.in/check.v1 v1.0.0-20180628173108-788fd7840127/go.mod h1:Co6ibVJAznAaIkqp8huTwlJQCZ016jof/cbN4VW5Yz0=
gopkg.in/yaml.v2 v2.2.2/go.mod h1:hI93XBmqTisBFMUTm0b8Fm+jr3Dg1NNxqwp+5A1VGuI=
gopkg.in/yaml.v2 v2.2.3/go.mod h1:hI93XBmqTisBFMUTm0b8Fm+jr3Dg1NNxqwp+5A1VGuI=
gopkg.in/yaml.v3 v3.0.0-20200313102051-9f266ea9e77c/go.mod h1:K4uyk7z7BCEPqu6E+C64Yfv1cQ7kz7rIZviUmN+EgEM=
gopkg.in/yaml.v3 v3.0.1 h1:fxVm/GzAzEWqLHuvctI91KS9hhNmmWOoWu0XTYJS7CA=
gopkg.in/yaml.v3 v3.0.1/go.mod h1:K4uyk7z7BCEPqu6E+C64Yfv1cQ7kz7rIZviUmN+EgEM=
honnef.co/go/tools v0.0.0-20190102054323-c2f93a96b099/go.mod h1:rf3lG4BRIbNafJWhAfAdb/ePZxsR/4RtNHQocxwk9r4=
honnef.co/go/tools v0.0.0-20190523083050-ea95bdfd59fc/go.mod h1:rf3lG4BRIbNafJWhAfAdb/ePZxsR/4RtNHQocxwk9r4=
